// !$*UTF8*$!
{
	archiveVersion = 1;
	classes = {
	};
	objectVersion = 46;
	objects = {

/* Begin PBXBuildFile section */
		1D7F25F71BB363C1003E94CE /* VideobgTest.swift in Sources */ = {isa = PBXBuildFile; fileRef = 1D7F25F61BB363C1003E94CE /* VideobgTest.swift */; settings = {ASSET_TAGS = (); }; };
		1D7F25FA1BB36A47003E94CE /* sample_iPod.m4v in Resources */ = {isa = PBXBuildFile; fileRef = 1D7F25F91BB36A47003E94CE /* sample_iPod.m4v */; };
		1D7F25FD1BB36BA3003E94CE /* video.mp4 in Resources */ = {isa = PBXBuildFile; fileRef = 1D7F25FC1BB36BA3003E94CE /* video.mp4 */; };
		1D7F25FF1BB45FAA003E94CE /* hexagon.png in Resources */ = {isa = PBXBuildFile; fileRef = 1D7F25FE1BB45FAA003E94CE /* hexagon.png */; settings = {ASSET_TAGS = (); }; };
		1D7F26011BB4B0D4003E94CE /* close.png in Resources */ = {isa = PBXBuildFile; fileRef = 1D7F26001BB4B0D4003E94CE /* close.png */; settings = {ASSET_TAGS = (); }; };
		1D7F86861B67FB1E001B6E1E /* AppDelegate.swift in Sources */ = {isa = PBXBuildFile; fileRef = 1D7F86851B67FB1E001B6E1E /* AppDelegate.swift */; };
		1D7F86891B67FB1E001B6E1E /* iOS_Kawasak_app.xcdatamodeld in Sources */ = {isa = PBXBuildFile; fileRef = 1D7F86871B67FB1E001B6E1E /* iOS_Kawasak_app.xcdatamodeld */; };
		1D7F868B1B67FB1E001B6E1E /* ViewController.swift in Sources */ = {isa = PBXBuildFile; fileRef = 1D7F868A1B67FB1E001B6E1E /* ViewController.swift */; };
		1D7F868E1B67FB1E001B6E1E /* Main.storyboard in Resources */ = {isa = PBXBuildFile; fileRef = 1D7F868C1B67FB1E001B6E1E /* Main.storyboard */; };
		1D7F86901B67FB1E001B6E1E /* Images.xcassets in Resources */ = {isa = PBXBuildFile; fileRef = 1D7F868F1B67FB1E001B6E1E /* Images.xcassets */; };
		1D7F86931B67FB1E001B6E1E /* LaunchScreen.xib in Resources */ = {isa = PBXBuildFile; fileRef = 1D7F86911B67FB1E001B6E1E /* LaunchScreen.xib */; };
		1D7F869F1B67FB1E001B6E1E /* iOS_Kawasak_appTests.swift in Sources */ = {isa = PBXBuildFile; fileRef = 1D7F869E1B67FB1E001B6E1E /* iOS_Kawasak_appTests.swift */; };
		1D7F86AB1B6806FE001B6E1E /* SectionList.swift in Sources */ = {isa = PBXBuildFile; fileRef = 1D7F86AA1B6806FE001B6E1E /* SectionList.swift */; };
		1D7F86AD1B682C96001B6E1E /* Login.swift in Sources */ = {isa = PBXBuildFile; fileRef = 1D7F86AC1B682C96001B6E1E /* Login.swift */; };
		1D7F86AF1B683F48001B6E1E /* RacingList.swift in Sources */ = {isa = PBXBuildFile; fileRef = 1D7F86AE1B683F48001B6E1E /* RacingList.swift */; };
		1D7F86B11B695418001B6E1E /* MyKawasakiList.swift in Sources */ = {isa = PBXBuildFile; fileRef = 1D7F86B01B695418001B6E1E /* MyKawasakiList.swift */; };
		1D7F86B31B695993001B6E1E /* MyKawasakiOwned.swift in Sources */ = {isa = PBXBuildFile; fileRef = 1D7F86B21B695993001B6E1E /* MyKawasakiOwned.swift */; };
		1D7F86B51B697E0F001B6E1E /* Dealer.swift in Sources */ = {isa = PBXBuildFile; fileRef = 1D7F86B41B697E0F001B6E1E /* Dealer.swift */; };
		1D853B651B716B7F002B325B /* notes.plist in Resources */ = {isa = PBXBuildFile; fileRef = 1D853B641B716B7F002B325B /* notes.plist */; };
		1D853B671B7180C5002B325B /* PlistRW.swift in Sources */ = {isa = PBXBuildFile; fileRef = 1D853B661B7180C5002B325B /* PlistRW.swift */; };
		1DA96F8E1B94FCC2009EE25D /* LandingPage.swift in Sources */ = {isa = PBXBuildFile; fileRef = 1DA96F8D1B94FCC2009EE25D /* LandingPage.swift */; };
		1DA96F901B9503CE009EE25D /* ScrollViewContainer.swift in Sources */ = {isa = PBXBuildFile; fileRef = 1DA96F8F1B9503CE009EE25D /* ScrollViewContainer.swift */; };
		1DA96F9C1B950D7D009EE25D /* PagedScrollViewController.swift in Sources */ = {isa = PBXBuildFile; fileRef = 1DA96F9B1B950D7D009EE25D /* PagedScrollViewController.swift */; };
		1DA96FA11B961AAF009EE25D /* image3.png in Resources */ = {isa = PBXBuildFile; fileRef = 1DA96F9D1B961AAF009EE25D /* image3.png */; };
		1DA96FA21B961AAF009EE25D /* image4.png in Resources */ = {isa = PBXBuildFile; fileRef = 1DA96F9E1B961AAF009EE25D /* image4.png */; };
		1DA96FA31B961AAF009EE25D /* image2.png in Resources */ = {isa = PBXBuildFile; fileRef = 1DA96F9F1B961AAF009EE25D /* image2.png */; };
		1DA96FA41B961AAF009EE25D /* image1.png in Resources */ = {isa = PBXBuildFile; fileRef = 1DA96FA01B961AAF009EE25D /* image1.png */; };
		1DA96FA61B965C75009EE25D /* MyKawasakiFav.swift in Sources */ = {isa = PBXBuildFile; fileRef = 1DA96FA51B965C75009EE25D /* MyKawasakiFav.swift */; };
		1DA96FA81B965CF7009EE25D /* MyKawasakiDealer.swift in Sources */ = {isa = PBXBuildFile; fileRef = 1DA96FA71B965CF7009EE25D /* MyKawasakiDealer.swift */; };
		1DA96FAA1B966CE9009EE25D /* RaceResultsFiltered.swift in Sources */ = {isa = PBXBuildFile; fileRef = 1DA96FA91B966CE9009EE25D /* RaceResultsFiltered.swift */; };
		1DA96FAC1B96712D009EE25D /* MyKawasakiDetails.swift in Sources */ = {isa = PBXBuildFile; fileRef = 1DA96FAB1B96712D009EE25D /* MyKawasakiDetails.swift */; };
		1DA96FAE1B9672EB009EE25D /* RacingNews.swift in Sources */ = {isa = PBXBuildFile; fileRef = 1DA96FAD1B9672EB009EE25D /* RacingNews.swift */; };
		1DA96FB01B967309009EE25D /* RaceResults.swift in Sources */ = {isa = PBXBuildFile; fileRef = 1DA96FAF1B967309009EE25D /* RaceResults.swift */; };
		1DA96FB21B967323009EE25D /* MoreInfo.swift in Sources */ = {isa = PBXBuildFile; fileRef = 1DA96FB11B967323009EE25D /* MoreInfo.swift */; };
		1DA96FB41B979F1E009EE25D /* DealerInformation.swift in Sources */ = {isa = PBXBuildFile; fileRef = 1DA96FB31B979F1E009EE25D /* DealerInformation.swift */; };
		1DB65EBD1B6AA260003D350A /* LocationManager.swift in Sources */ = {isa = PBXBuildFile; fileRef = 1DB65EBC1B6AA260003D350A /* LocationManager.swift */; };
		1DB65EBF1B6AD53F003D350A /* Singlton.swift in Sources */ = {isa = PBXBuildFile; fileRef = 1DB65EBE1B6AD53F003D350A /* Singlton.swift */; };
		1DDE3C621B73DD5E009506BA /* MyApi.swift in Sources */ = {isa = PBXBuildFile; fileRef = 1DDE3C611B73DD5E009506BA /* MyApi.swift */; };
		1DE9B03C1B728ED8006C2556 /* data.plist in Resources */ = {isa = PBXBuildFile; fileRef = 1DE9B03B1B728ED8006C2556 /* data.plist */; };
		1DE9B03E1B72B0BE006C2556 /* DownloadFile.swift in Sources */ = {isa = PBXBuildFile; fileRef = 1DE9B03D1B72B0BE006C2556 /* DownloadFile.swift */; };
/* End PBXBuildFile section */

/* Begin PBXContainerItemProxy section */
		1D7F86991B67FB1E001B6E1E /* PBXContainerItemProxy */ = {
			isa = PBXContainerItemProxy;
			containerPortal = 1D7F86781B67FB1E001B6E1E /* Project object */;
			proxyType = 1;
			remoteGlobalIDString = 1D7F867F1B67FB1E001B6E1E;
			remoteInfo = "iOS-Kawasak-app";
		};
/* End PBXContainerItemProxy section */

/* Begin PBXFileReference section */
		1D7F25F61BB363C1003E94CE /* VideobgTest.swift */ = {isa = PBXFileReference; fileEncoding = 4; lastKnownFileType = sourcecode.swift; path = VideobgTest.swift; sourceTree = "<group>"; };
		1D7F25F81BB36736003E94CE /* sample_iPod.m4v */ = {isa = PBXFileReference; lastKnownFileType = file; path = sample_iPod.m4v; sourceTree = "<group>"; };
		1D7F25F91BB36A47003E94CE /* sample_iPod.m4v */ = {isa = PBXFileReference; lastKnownFileType = file; path = sample_iPod.m4v; sourceTree = "<group>"; };
		1D7F25FB1BB36B99003E94CE /* video.mp4 */ = {isa = PBXFileReference; lastKnownFileType = file; path = video.mp4; sourceTree = "<group>"; };
		1D7F25FC1BB36BA3003E94CE /* video.mp4 */ = {isa = PBXFileReference; lastKnownFileType = file; path = video.mp4; sourceTree = "<group>"; };
		1D7F25FE1BB45FAA003E94CE /* hexagon.png */ = {isa = PBXFileReference; lastKnownFileType = image.png; path = hexagon.png; sourceTree = "<group>"; };
		1D7F26001BB4B0D4003E94CE /* close.png */ = {isa = PBXFileReference; lastKnownFileType = image.png; path = close.png; sourceTree = "<group>"; };
		1D7F86801B67FB1E001B6E1E /* iOS-Kawasak-app.app */ = {isa = PBXFileReference; explicitFileType = wrapper.application; includeInIndex = 0; path = "iOS-Kawasak-app.app"; sourceTree = BUILT_PRODUCTS_DIR; };
		1D7F86841B67FB1E001B6E1E /* Info.plist */ = {isa = PBXFileReference; lastKnownFileType = text.plist.xml; path = Info.plist; sourceTree = "<group>"; };
		1D7F86851B67FB1E001B6E1E /* AppDelegate.swift */ = {isa = PBXFileReference; lastKnownFileType = sourcecode.swift; path = AppDelegate.swift; sourceTree = "<group>"; };
		1D7F86881B67FB1E001B6E1E /* iOS_Kawasak_app.xcdatamodel */ = {isa = PBXFileReference; lastKnownFileType = wrapper.xcdatamodel; path = iOS_Kawasak_app.xcdatamodel; sourceTree = "<group>"; };
		1D7F868A1B67FB1E001B6E1E /* ViewController.swift */ = {isa = PBXFileReference; lastKnownFileType = sourcecode.swift; path = ViewController.swift; sourceTree = "<group>"; };
		1D7F868D1B67FB1E001B6E1E /* Base */ = {isa = PBXFileReference; lastKnownFileType = file.storyboard; name = Base; path = Base.lproj/Main.storyboard; sourceTree = "<group>"; };
		1D7F868F1B67FB1E001B6E1E /* Images.xcassets */ = {isa = PBXFileReference; lastKnownFileType = folder.assetcatalog; path = Images.xcassets; sourceTree = "<group>"; };
		1D7F86921B67FB1E001B6E1E /* Base */ = {isa = PBXFileReference; lastKnownFileType = file.xib; name = Base; path = Base.lproj/LaunchScreen.xib; sourceTree = "<group>"; };
		1D7F86981B67FB1E001B6E1E /* iOS-Kawasak-appTests.xctest */ = {isa = PBXFileReference; explicitFileType = wrapper.cfbundle; includeInIndex = 0; path = "iOS-Kawasak-appTests.xctest"; sourceTree = BUILT_PRODUCTS_DIR; };
		1D7F869D1B67FB1E001B6E1E /* Info.plist */ = {isa = PBXFileReference; lastKnownFileType = text.plist.xml; path = Info.plist; sourceTree = "<group>"; };
		1D7F869E1B67FB1E001B6E1E /* iOS_Kawasak_appTests.swift */ = {isa = PBXFileReference; lastKnownFileType = sourcecode.swift; path = iOS_Kawasak_appTests.swift; sourceTree = "<group>"; };
		1D7F86AA1B6806FE001B6E1E /* SectionList.swift */ = {isa = PBXFileReference; fileEncoding = 4; lastKnownFileType = sourcecode.swift; path = SectionList.swift; sourceTree = "<group>"; };
		1D7F86AC1B682C96001B6E1E /* Login.swift */ = {isa = PBXFileReference; fileEncoding = 4; lastKnownFileType = sourcecode.swift; path = Login.swift; sourceTree = "<group>"; };
		1D7F86AE1B683F48001B6E1E /* RacingList.swift */ = {isa = PBXFileReference; fileEncoding = 4; lastKnownFileType = sourcecode.swift; path = RacingList.swift; sourceTree = "<group>"; };
		1D7F86B01B695418001B6E1E /* MyKawasakiList.swift */ = {isa = PBXFileReference; fileEncoding = 4; lastKnownFileType = sourcecode.swift; path = MyKawasakiList.swift; sourceTree = "<group>"; };
		1D7F86B21B695993001B6E1E /* MyKawasakiOwned.swift */ = {isa = PBXFileReference; fileEncoding = 4; lastKnownFileType = sourcecode.swift; path = MyKawasakiOwned.swift; sourceTree = "<group>"; };
		1D7F86B41B697E0F001B6E1E /* Dealer.swift */ = {isa = PBXFileReference; fileEncoding = 4; lastKnownFileType = sourcecode.swift; path = Dealer.swift; sourceTree = "<group>"; };
		1D853B641B716B7F002B325B /* notes.plist */ = {isa = PBXFileReference; fileEncoding = 4; lastKnownFileType = text.plist.xml; path = notes.plist; sourceTree = "<group>"; };
		1D853B661B7180C5002B325B /* PlistRW.swift */ = {isa = PBXFileReference; fileEncoding = 4; lastKnownFileType = sourcecode.swift; path = PlistRW.swift; sourceTree = "<group>"; };
		1DA96F8D1B94FCC2009EE25D /* LandingPage.swift */ = {isa = PBXFileReference; fileEncoding = 4; lastKnownFileType = sourcecode.swift; path = LandingPage.swift; sourceTree = "<group>"; };
		1DA96F8F1B9503CE009EE25D /* ScrollViewContainer.swift */ = {isa = PBXFileReference; fileEncoding = 4; lastKnownFileType = sourcecode.swift; path = ScrollViewContainer.swift; sourceTree = "<group>"; };
		1DA96F9B1B950D7D009EE25D /* PagedScrollViewController.swift */ = {isa = PBXFileReference; fileEncoding = 4; lastKnownFileType = sourcecode.swift; path = PagedScrollViewController.swift; sourceTree = "<group>"; };
		1DA96F9D1B961AAF009EE25D /* image3.png */ = {isa = PBXFileReference; lastKnownFileType = image.png; path = image3.png; sourceTree = "<group>"; };
		1DA96F9E1B961AAF009EE25D /* image4.png */ = {isa = PBXFileReference; lastKnownFileType = image.png; path = image4.png; sourceTree = "<group>"; };
		1DA96F9F1B961AAF009EE25D /* image2.png */ = {isa = PBXFileReference; lastKnownFileType = image.png; path = image2.png; sourceTree = "<group>"; };
		1DA96FA01B961AAF009EE25D /* image1.png */ = {isa = PBXFileReference; lastKnownFileType = image.png; path = image1.png; sourceTree = "<group>"; };
		1DA96FA51B965C75009EE25D /* MyKawasakiFav.swift */ = {isa = PBXFileReference; fileEncoding = 4; lastKnownFileType = sourcecode.swift; path = MyKawasakiFav.swift; sourceTree = "<group>"; };
		1DA96FA71B965CF7009EE25D /* MyKawasakiDealer.swift */ = {isa = PBXFileReference; fileEncoding = 4; lastKnownFileType = sourcecode.swift; path = MyKawasakiDealer.swift; sourceTree = "<group>"; };
		1DA96FA91B966CE9009EE25D /* RaceResultsFiltered.swift */ = {isa = PBXFileReference; fileEncoding = 4; lastKnownFileType = sourcecode.swift; path = RaceResultsFiltered.swift; sourceTree = "<group>"; };
		1DA96FAB1B96712D009EE25D /* MyKawasakiDetails.swift */ = {isa = PBXFileReference; fileEncoding = 4; lastKnownFileType = sourcecode.swift; path = MyKawasakiDetails.swift; sourceTree = "<group>"; };
		1DA96FAD1B9672EB009EE25D /* RacingNews.swift */ = {isa = PBXFileReference; fileEncoding = 4; lastKnownFileType = sourcecode.swift; path = RacingNews.swift; sourceTree = "<group>"; };
		1DA96FAF1B967309009EE25D /* RaceResults.swift */ = {isa = PBXFileReference; fileEncoding = 4; lastKnownFileType = sourcecode.swift; path = RaceResults.swift; sourceTree = "<group>"; };
		1DA96FB11B967323009EE25D /* MoreInfo.swift */ = {isa = PBXFileReference; fileEncoding = 4; lastKnownFileType = sourcecode.swift; path = MoreInfo.swift; sourceTree = "<group>"; };
		1DA96FB31B979F1E009EE25D /* DealerInformation.swift */ = {isa = PBXFileReference; fileEncoding = 4; lastKnownFileType = sourcecode.swift; path = DealerInformation.swift; sourceTree = "<group>"; };
		1DB65EBC1B6AA260003D350A /* LocationManager.swift */ = {isa = PBXFileReference; fileEncoding = 4; lastKnownFileType = sourcecode.swift; path = LocationManager.swift; sourceTree = "<group>"; };
		1DB65EBE1B6AD53F003D350A /* Singlton.swift */ = {isa = PBXFileReference; fileEncoding = 4; lastKnownFileType = sourcecode.swift; path = Singlton.swift; sourceTree = "<group>"; };
		1DDE3C611B73DD5E009506BA /* MyApi.swift */ = {isa = PBXFileReference; fileEncoding = 4; lastKnownFileType = sourcecode.swift; path = MyApi.swift; sourceTree = "<group>"; };
		1DE9B03B1B728ED8006C2556 /* data.plist */ = {isa = PBXFileReference; fileEncoding = 4; lastKnownFileType = text.plist.xml; path = data.plist; sourceTree = "<group>"; };
		1DE9B03D1B72B0BE006C2556 /* DownloadFile.swift */ = {isa = PBXFileReference; fileEncoding = 4; lastKnownFileType = sourcecode.swift; path = DownloadFile.swift; sourceTree = "<group>"; };
/* End PBXFileReference section */

/* Begin PBXFrameworksBuildPhase section */
		1D7F867D1B67FB1E001B6E1E /* Frameworks */ = {
			isa = PBXFrameworksBuildPhase;
			buildActionMask = 2147483647;
			files = (
			);
			runOnlyForDeploymentPostprocessing = 0;
		};
		1D7F86951B67FB1E001B6E1E /* Frameworks */ = {
			isa = PBXFrameworksBuildPhase;
			buildActionMask = 2147483647;
			files = (
			);
			runOnlyForDeploymentPostprocessing = 0;
		};
/* End PBXFrameworksBuildPhase section */

/* Begin PBXGroup section */
		1D7F86771B67FB1E001B6E1E = {
			isa = PBXGroup;
			children = (
				1D7F25FC1BB36BA3003E94CE /* video.mp4 */,
				1D7F25F91BB36A47003E94CE /* sample_iPod.m4v */,
				1D7F86821B67FB1E001B6E1E /* iOS-Kawasak-app */,
				1D7F869B1B67FB1E001B6E1E /* iOS-Kawasak-appTests */,
				1D7F86811B67FB1E001B6E1E /* Products */,
			);
			sourceTree = "<group>";
		};
		1D7F86811B67FB1E001B6E1E /* Products */ = {
			isa = PBXGroup;
			children = (
				1D7F86801B67FB1E001B6E1E /* iOS-Kawasak-app.app */,
				1D7F86981B67FB1E001B6E1E /* iOS-Kawasak-appTests.xctest */,
			);
			name = Products;
			sourceTree = "<group>";
		};
		1D7F86821B67FB1E001B6E1E /* iOS-Kawasak-app */ = {
			isa = PBXGroup;
			children = (
				1D7F868C1B67FB1E001B6E1E /* Main.storyboard */,
				1D7F25F61BB363C1003E94CE /* VideobgTest.swift */,
				1DA96F9B1B950D7D009EE25D /* PagedScrollViewController.swift */,
				1DA96F8F1B9503CE009EE25D /* ScrollViewContainer.swift */,
				1D853B641B716B7F002B325B /* notes.plist */,
				1DA96F8D1B94FCC2009EE25D /* LandingPage.swift */,
				1D7F86851B67FB1E001B6E1E /* AppDelegate.swift */,
				1D7F868A1B67FB1E001B6E1E /* ViewController.swift */,
				1DDE3C611B73DD5E009506BA /* MyApi.swift */,
				1DA96FAB1B96712D009EE25D /* MyKawasakiDetails.swift */,
				1DA96FA51B965C75009EE25D /* MyKawasakiFav.swift */,
				1DA96FA71B965CF7009EE25D /* MyKawasakiDealer.swift */,
				1D7F86B21B695993001B6E1E /* MyKawasakiOwned.swift */,
				1D7F86B01B695418001B6E1E /* MyKawasakiList.swift */,
				1D7F86AC1B682C96001B6E1E /* Login.swift */,
				1D7F86B41B697E0F001B6E1E /* Dealer.swift */,
				1DA96FB31B979F1E009EE25D /* DealerInformation.swift */,
				1D7F86AA1B6806FE001B6E1E /* SectionList.swift */,
				1D7F86AE1B683F48001B6E1E /* RacingList.swift */,
				1DA96FAD1B9672EB009EE25D /* RacingNews.swift */,
				1DA96FAF1B967309009EE25D /* RaceResults.swift */,
				1DA96FB11B967323009EE25D /* MoreInfo.swift */,
				1DA96FA91B966CE9009EE25D /* RaceResultsFiltered.swift */,
				1D853B661B7180C5002B325B /* PlistRW.swift */,
				1DE9B03D1B72B0BE006C2556 /* DownloadFile.swift */,
				1DB65EBC1B6AA260003D350A /* LocationManager.swift */,
				1DB65EBE1B6AD53F003D350A /* Singlton.swift */,
				1D7F868F1B67FB1E001B6E1E /* Images.xcassets */,
				1D7F86911B67FB1E001B6E1E /* LaunchScreen.xib */,
				1D7F86871B67FB1E001B6E1E /* iOS_Kawasak_app.xcdatamodeld */,
				1DE9B03B1B728ED8006C2556 /* data.plist */,
				1D7F86831B67FB1E001B6E1E /* Supporting Files */,
			);
			path = "iOS-Kawasak-app";
			sourceTree = "<group>";
		};
		1D7F86831B67FB1E001B6E1E /* Supporting Files */ = {
			isa = PBXGroup;
			children = (
				1D7F26001BB4B0D4003E94CE /* close.png */,
				1D7F25FB1BB36B99003E94CE /* video.mp4 */,
				1D7F25FE1BB45FAA003E94CE /* hexagon.png */,
				1D7F25F81BB36736003E94CE /* sample_iPod.m4v */,
				1DA96F9D1B961AAF009EE25D /* image3.png */,
				1DA96F9E1B961AAF009EE25D /* image4.png */,
				1DA96F9F1B961AAF009EE25D /* image2.png */,
				1DA96FA01B961AAF009EE25D /* image1.png */,
				1D7F86841B67FB1E001B6E1E /* Info.plist */,
			);
			name = "Supporting Files";
			sourceTree = "<group>";
		};
		1D7F869B1B67FB1E001B6E1E /* iOS-Kawasak-appTests */ = {
			isa = PBXGroup;
			children = (
				1D7F869E1B67FB1E001B6E1E /* iOS_Kawasak_appTests.swift */,
				1D7F869C1B67FB1E001B6E1E /* Supporting Files */,
			);
			path = "iOS-Kawasak-appTests";
			sourceTree = "<group>";
		};
		1D7F869C1B67FB1E001B6E1E /* Supporting Files */ = {
			isa = PBXGroup;
			children = (
				1D7F869D1B67FB1E001B6E1E /* Info.plist */,
			);
			name = "Supporting Files";
			sourceTree = "<group>";
		};
/* End PBXGroup section */

/* Begin PBXNativeTarget section */
		1D7F867F1B67FB1E001B6E1E /* iOS-Kawasak-app */ = {
			isa = PBXNativeTarget;
			buildConfigurationList = 1D7F86A21B67FB1E001B6E1E /* Build configuration list for PBXNativeTarget "iOS-Kawasak-app" */;
			buildPhases = (
				1D7F867C1B67FB1E001B6E1E /* Sources */,
				1D7F867D1B67FB1E001B6E1E /* Frameworks */,
				1D7F867E1B67FB1E001B6E1E /* Resources */,
			);
			buildRules = (
			);
			dependencies = (
			);
			name = "iOS-Kawasak-app";
			productName = "iOS-Kawasak-app";
			productReference = 1D7F86801B67FB1E001B6E1E /* iOS-Kawasak-app.app */;
			productType = "com.apple.product-type.application";
		};
		1D7F86971B67FB1E001B6E1E /* iOS-Kawasak-appTests */ = {
			isa = PBXNativeTarget;
			buildConfigurationList = 1D7F86A51B67FB1E001B6E1E /* Build configuration list for PBXNativeTarget "iOS-Kawasak-appTests" */;
			buildPhases = (
				1D7F86941B67FB1E001B6E1E /* Sources */,
				1D7F86951B67FB1E001B6E1E /* Frameworks */,
				1D7F86961B67FB1E001B6E1E /* Resources */,
			);
			buildRules = (
			);
			dependencies = (
				1D7F869A1B67FB1E001B6E1E /* PBXTargetDependency */,
			);
			name = "iOS-Kawasak-appTests";
			productName = "iOS-Kawasak-appTests";
			productReference = 1D7F86981B67FB1E001B6E1E /* iOS-Kawasak-appTests.xctest */;
			productType = "com.apple.product-type.bundle.unit-test";
		};
/* End PBXNativeTarget section */

/* Begin PBXProject section */
		1D7F86781B67FB1E001B6E1E /* Project object */ = {
			isa = PBXProject;
			attributes = {
				LastSwiftMigration = 0700;
				LastSwiftUpdateCheck = 0700;
				LastUpgradeCheck = 0700;
				ORGANIZATIONNAME = jon.canfield;
				TargetAttributes = {
					1D7F867F1B67FB1E001B6E1E = {
						CreatedOnToolsVersion = 6.4;
						DevelopmentTeam = DEUXYYQUBY;
						SystemCapabilities = {
							com.apple.BackgroundModes = {
								enabled = 1;
							};
						};
					};
					1D7F86971B67FB1E001B6E1E = {
						CreatedOnToolsVersion = 6.4;
						TestTargetID = 1D7F867F1B67FB1E001B6E1E;
					};
				};
			};
			buildConfigurationList = 1D7F867B1B67FB1E001B6E1E /* Build configuration list for PBXProject "iOS-Kawasak-app" */;
			compatibilityVersion = "Xcode 3.2";
			developmentRegion = English;
			hasScannedForEncodings = 0;
			knownRegions = (
				en,
				Base,
			);
			mainGroup = 1D7F86771B67FB1E001B6E1E;
			productRefGroup = 1D7F86811B67FB1E001B6E1E /* Products */;
			projectDirPath = "";
			projectRoot = "";
			targets = (
				1D7F867F1B67FB1E001B6E1E /* iOS-Kawasak-app */,
				1D7F86971B67FB1E001B6E1E /* iOS-Kawasak-appTests */,
			);
		};
/* End PBXProject section */

/* Begin PBXResourcesBuildPhase section */
		1D7F867E1B67FB1E001B6E1E /* Resources */ = {
			isa = PBXResourcesBuildPhase;
			buildActionMask = 2147483647;
			files = (
				1D7F25FF1BB45FAA003E94CE /* hexagon.png in Resources */,
				1DA96FA21B961AAF009EE25D /* image4.png in Resources */,
				1DA96FA31B961AAF009EE25D /* image2.png in Resources */,
				1D7F868E1B67FB1E001B6E1E /* Main.storyboard in Resources */,
				1DA96FA41B961AAF009EE25D /* image1.png in Resources */,
				1D7F25FD1BB36BA3003E94CE /* video.mp4 in Resources */,
				1DA96FA11B961AAF009EE25D /* image3.png in Resources */,
				1D7F26011BB4B0D4003E94CE /* close.png in Resources */,
				1D7F86931B67FB1E001B6E1E /* LaunchScreen.xib in Resources */,
				1D7F25FA1BB36A47003E94CE /* sample_iPod.m4v in Resources */,
				1D853B651B716B7F002B325B /* notes.plist in Resources */,
				1DE9B03C1B728ED8006C2556 /* data.plist in Resources */,
				1D7F86901B67FB1E001B6E1E /* Images.xcassets in Resources */,
			);
			runOnlyForDeploymentPostprocessing = 0;
		};
		1D7F86961B67FB1E001B6E1E /* Resources */ = {
			isa = PBXResourcesBuildPhase;
			buildActionMask = 2147483647;
			files = (
			);
			runOnlyForDeploymentPostprocessing = 0;
		};
/* End PBXResourcesBuildPhase section */

/* Begin PBXSourcesBuildPhase section */
		1D7F867C1B67FB1E001B6E1E /* Sources */ = {
			isa = PBXSourcesBuildPhase;
			buildActionMask = 2147483647;
			files = (
				1D7F868B1B67FB1E001B6E1E /* ViewController.swift in Sources */,
				1D853B671B7180C5002B325B /* PlistRW.swift in Sources */,
				1D7F86AD1B682C96001B6E1E /* Login.swift in Sources */,
				1DE9B03E1B72B0BE006C2556 /* DownloadFile.swift in Sources */,
				1DA96FA81B965CF7009EE25D /* MyKawasakiDealer.swift in Sources */,
				1D7F86AB1B6806FE001B6E1E /* SectionList.swift in Sources */,
				1DB65EBD1B6AA260003D350A /* LocationManager.swift in Sources */,
				1DA96F8E1B94FCC2009EE25D /* LandingPage.swift in Sources */,
				1DA96F9C1B950D7D009EE25D /* PagedScrollViewController.swift in Sources */,
				1D7F86861B67FB1E001B6E1E /* AppDelegate.swift in Sources */,
				1D7F86B11B695418001B6E1E /* MyKawasakiList.swift in Sources */,
				1DA96FB41B979F1E009EE25D /* DealerInformation.swift in Sources */,
				1D7F25F71BB363C1003E94CE /* VideobgTest.swift in Sources */,
				1DA96FAE1B9672EB009EE25D /* RacingNews.swift in Sources */,
				1D7F86B31B695993001B6E1E /* MyKawasakiOwned.swift in Sources */,
				1DA96FA61B965C75009EE25D /* MyKawasakiFav.swift in Sources */,
				1D7F86B51B697E0F001B6E1E /* Dealer.swift in Sources */,
				1D7F86891B67FB1E001B6E1E /* iOS_Kawasak_app.xcdatamodeld in Sources */,
				1DA96FB21B967323009EE25D /* MoreInfo.swift in Sources */,
				1DA96FAC1B96712D009EE25D /* MyKawasakiDetails.swift in Sources */,
				1DDE3C621B73DD5E009506BA /* MyApi.swift in Sources */,
				1D7F86AF1B683F48001B6E1E /* RacingList.swift in Sources */,
				1DA96FB01B967309009EE25D /* RaceResults.swift in Sources */,
				1DA96F901B9503CE009EE25D /* ScrollViewContainer.swift in Sources */,
				1DB65EBF1B6AD53F003D350A /* Singlton.swift in Sources */,
				1DA96FAA1B966CE9009EE25D /* RaceResultsFiltered.swift in Sources */,
			);
			runOnlyForDeploymentPostprocessing = 0;
		};
		1D7F86941B67FB1E001B6E1E /* Sources */ = {
			isa = PBXSourcesBuildPhase;
			buildActionMask = 2147483647;
			files = (
				1D7F869F1B67FB1E001B6E1E /* iOS_Kawasak_appTests.swift in Sources */,
			);
			runOnlyForDeploymentPostprocessing = 0;
		};
/* End PBXSourcesBuildPhase section */

/* Begin PBXTargetDependency section */
		1D7F869A1B67FB1E001B6E1E /* PBXTargetDependency */ = {
			isa = PBXTargetDependency;
			target = 1D7F867F1B67FB1E001B6E1E /* iOS-Kawasak-app */;
			targetProxy = 1D7F86991B67FB1E001B6E1E /* PBXContainerItemProxy */;
		};
/* End PBXTargetDependency section */

/* Begin PBXVariantGroup section */
		1D7F868C1B67FB1E001B6E1E /* Main.storyboard */ = {
			isa = PBXVariantGroup;
			children = (
				1D7F868D1B67FB1E001B6E1E /* Base */,
			);
			name = Main.storyboard;
			sourceTree = "<group>";
		};
		1D7F86911B67FB1E001B6E1E /* LaunchScreen.xib */ = {
			isa = PBXVariantGroup;
			children = (
				1D7F86921B67FB1E001B6E1E /* Base */,
			);
			name = LaunchScreen.xib;
			sourceTree = "<group>";
		};
/* End PBXVariantGroup section */

/* Begin XCBuildConfiguration section */
		1D7F86A01B67FB1E001B6E1E /* Debug */ = {
			isa = XCBuildConfiguration;
			buildSettings = {
				ALWAYS_SEARCH_USER_PATHS = NO;
				CLANG_CXX_LANGUAGE_STANDARD = "gnu++0x";
				CLANG_CXX_LIBRARY = "libc++";
				CLANG_ENABLE_MODULES = YES;
				CLANG_ENABLE_OBJC_ARC = YES;
				CLANG_WARN_BOOL_CONVERSION = YES;
				CLANG_WARN_CONSTANT_CONVERSION = YES;
				CLANG_WARN_DIRECT_OBJC_ISA_USAGE = YES_ERROR;
				CLANG_WARN_EMPTY_BODY = YES;
				CLANG_WARN_ENUM_CONVERSION = YES;
				CLANG_WARN_INT_CONVERSION = YES;
				CLANG_WARN_OBJC_ROOT_CLASS = YES_ERROR;
				CLANG_WARN_UNREACHABLE_CODE = YES;
				CLANG_WARN__DUPLICATE_METHOD_MATCH = YES;
				"CODE_SIGN_IDENTITY[sdk=iphoneos*]" = "iPhone Developer";
				COPY_PHASE_STRIP = NO;
				DEBUG_INFORMATION_FORMAT = "dwarf-with-dsym";
				ENABLE_STRICT_OBJC_MSGSEND = YES;
				ENABLE_TESTABILITY = YES;
				GCC_C_LANGUAGE_STANDARD = gnu99;
				GCC_DYNAMIC_NO_PIC = NO;
				GCC_NO_COMMON_BLOCKS = YES;
				GCC_OPTIMIZATION_LEVEL = 0;
				GCC_PREPROCESSOR_DEFINITIONS = (
					"DEBUG=1",
					"$(inherited)",
				);
				GCC_SYMBOLS_PRIVATE_EXTERN = NO;
				GCC_WARN_64_TO_32_BIT_CONVERSION = YES;
				GCC_WARN_ABOUT_RETURN_TYPE = YES_ERROR;
				GCC_WARN_UNDECLARED_SELECTOR = YES;
				GCC_WARN_UNINITIALIZED_AUTOS = YES_AGGRESSIVE;
				GCC_WARN_UNUSED_FUNCTION = YES;
				GCC_WARN_UNUSED_VARIABLE = YES;
				IPHONEOS_DEPLOYMENT_TARGET = 8.4;
				MTL_ENABLE_DEBUG_INFO = YES;
				ONLY_ACTIVE_ARCH = YES;
				SDKROOT = iphoneos;
				SWIFT_OPTIMIZATION_LEVEL = "-Onone";
			};
			name = Debug;
		};
		1D7F86A11B67FB1E001B6E1E /* Release */ = {
			isa = XCBuildConfiguration;
			buildSettings = {
				ALWAYS_SEARCH_USER_PATHS = NO;
				CLANG_CXX_LANGUAGE_STANDARD = "gnu++0x";
				CLANG_CXX_LIBRARY = "libc++";
				CLANG_ENABLE_MODULES = YES;
				CLANG_ENABLE_OBJC_ARC = YES;
				CLANG_WARN_BOOL_CONVERSION = YES;
				CLANG_WARN_CONSTANT_CONVERSION = YES;
				CLANG_WARN_DIRECT_OBJC_ISA_USAGE = YES_ERROR;
				CLANG_WARN_EMPTY_BODY = YES;
				CLANG_WARN_ENUM_CONVERSION = YES;
				CLANG_WARN_INT_CONVERSION = YES;
				CLANG_WARN_OBJC_ROOT_CLASS = YES_ERROR;
				CLANG_WARN_UNREACHABLE_CODE = YES;
				CLANG_WARN__DUPLICATE_METHOD_MATCH = YES;
				"CODE_SIGN_IDENTITY[sdk=iphoneos*]" = "iPhone Developer";
				COPY_PHASE_STRIP = NO;
				DEBUG_INFORMATION_FORMAT = "dwarf-with-dsym";
				ENABLE_NS_ASSERTIONS = NO;
				ENABLE_STRICT_OBJC_MSGSEND = YES;
				GCC_C_LANGUAGE_STANDARD = gnu99;
				GCC_NO_COMMON_BLOCKS = YES;
				GCC_WARN_64_TO_32_BIT_CONVERSION = YES;
				GCC_WARN_ABOUT_RETURN_TYPE = YES_ERROR;
				GCC_WARN_UNDECLARED_SELECTOR = YES;
				GCC_WARN_UNINITIALIZED_AUTOS = YES_AGGRESSIVE;
				GCC_WARN_UNUSED_FUNCTION = YES;
				GCC_WARN_UNUSED_VARIABLE = YES;
				IPHONEOS_DEPLOYMENT_TARGET = 8.4;
				MTL_ENABLE_DEBUG_INFO = NO;
				SDKROOT = iphoneos;
				VALIDATE_PRODUCT = YES;
			};
			name = Release;
		};
		1D7F86A31B67FB1E001B6E1E /* Debug */ = {
			isa = XCBuildConfiguration;
			buildSettings = {
				ASSETCATALOG_COMPILER_APPICON_NAME = AppIcon;
				CODE_SIGN_IDENTITY = "iPhone Developer";
				"CODE_SIGN_IDENTITY[sdk=iphoneos*]" = "iPhone Developer";
				INFOPLIST_FILE = "iOS-Kawasak-app/Info.plist";
				IPHONEOS_DEPLOYMENT_TARGET = 9.0;
				LD_RUNPATH_SEARCH_PATHS = "$(inherited) @executable_path/Frameworks";
				PRODUCT_BUNDLE_IDENTIFIER = "com.kawasaki.$(PRODUCT_NAME:rfc1034identifier)";
				PRODUCT_NAME = "$(TARGET_NAME)";
				PROVISIONING_PROFILE = "";
			};
			name = Debug;
		};
		1D7F86A41B67FB1E001B6E1E /* Release */ = {
			isa = XCBuildConfiguration;
			buildSettings = {
				ASSETCATALOG_COMPILER_APPICON_NAME = AppIcon;
				CODE_SIGN_IDENTITY = "iPhone Developer";
				"CODE_SIGN_IDENTITY[sdk=iphoneos*]" = "iPhone Developer";
				INFOPLIST_FILE = "iOS-Kawasak-app/Info.plist";
				IPHONEOS_DEPLOYMENT_TARGET = 9.0;
				LD_RUNPATH_SEARCH_PATHS = "$(inherited) @executable_path/Frameworks";
				PRODUCT_BUNDLE_IDENTIFIER = "com.kawasaki.$(PRODUCT_NAME:rfc1034identifier)";
				PRODUCT_NAME = "$(TARGET_NAME)";
				PROVISIONING_PROFILE = "";
			};
			name = Release;
		};
		1D7F86A61B67FB1E001B6E1E /* Debug */ = {
			isa = XCBuildConfiguration;
			buildSettings = {
				BUNDLE_LOADER = "$(TEST_HOST)";
				FRAMEWORK_SEARCH_PATHS = (
					"$(SDKROOT)/Developer/Library/Frameworks",
					"$(inherited)",
				);
				GCC_PREPROCESSOR_DEFINITIONS = (
					"DEBUG=1",
					"$(inherited)",
				);
				INFOPLIST_FILE = "iOS-Kawasak-appTests/Info.plist";
				LD_RUNPATH_SEARCH_PATHS = "$(inherited) @executable_path/Frameworks @loader_path/Frameworks";
				PRODUCT_BUNDLE_IDENTIFIER = "jon.$(PRODUCT_NAME:rfc1034identifier)";
				PRODUCT_NAME = "$(TARGET_NAME)";
				TEST_HOST = "$(BUILT_PRODUCTS_DIR)/iOS-Kawasak-app.app/iOS-Kawasak-app";
			};
			name = Debug;
		};
		1D7F86A71B67FB1E001B6E1E /* Release */ = {
			isa = XCBuildConfiguration;
			buildSettings = {
				BUNDLE_LOADER = "$(TEST_HOST)";
				FRAMEWORK_SEARCH_PATHS = (
					"$(SDKROOT)/Developer/Library/Frameworks",
					"$(inherited)",
				);
				INFOPLIST_FILE = "iOS-Kawasak-appTests/Info.plist";
				LD_RUNPATH_SEARCH_PATHS = "$(inherited) @executable_path/Frameworks @loader_path/Frameworks";
				PRODUCT_BUNDLE_IDENTIFIER = "jon.$(PRODUCT_NAME:rfc1034identifier)";
				PRODUCT_NAME = "$(TARGET_NAME)";
				TEST_HOST = "$(BUILT_PRODUCTS_DIR)/iOS-Kawasak-app.app/iOS-Kawasak-app";
			};
			name = Release;
		};
/* End XCBuildConfiguration section */

/* Begin XCConfigurationList section */
		1D7F867B1B67FB1E001B6E1E /* Build configuration list for PBXProject "iOS-Kawasak-app" */ = {
			isa = XCConfigurationList;
			buildConfigurations = (
				1D7F86A01B67FB1E001B6E1E /* Debug */,
				1D7F86A11B67FB1E001B6E1E /* Release */,
			);
			defaultConfigurationIsVisible = 0;
			defaultConfigurationName = Release;
		};
		1D7F86A21B67FB1E001B6E1E /* Build configuration list for PBXNativeTarget "iOS-Kawasak-app" */ = {
			isa = XCConfigurationList;
			buildConfigurations = (
				1D7F86A31B67FB1E001B6E1E /* Debug */,
				1D7F86A41B67FB1E001B6E1E /* Release */,
			);
			defaultConfigurationIsVisible = 0;
			defaultConfigurationName = Release;
		};
		1D7F86A51B67FB1E001B6E1E /* Build configuration list for PBXNativeTarget "iOS-Kawasak-appTests" */ = {
			isa = XCConfigurationList;
			buildConfigurations = (
				1D7F86A61B67FB1E001B6E1E /* Debug */,
				1D7F86A71B67FB1E001B6E1E /* Release */,
			);
			defaultConfigurationIsVisible = 0;
			defaultConfigurationName = Release;
		};
/* End XCConfigurationList section */

/* Begin XCVersionGroup section */
		1D7F86871B67FB1E001B6E1E /* iOS_Kawasak_app.xcdatamodeld */ = {
			isa = XCVersionGroup;
			children = (
				1D7F86881B67FB1E001B6E1E /* iOS_Kawasak_app.xcdatamodel */,
			);
			currentVersion = 1D7F86881B67FB1E001B6E1E /* iOS_Kawasak_app.xcdatamodel */;
			path = iOS_Kawasak_app.xcdatamodeld;
			sourceTree = "<group>";
			versionGroupType = wrapper.xcdatamodel;
		};
/* End XCVersionGroup section */
	};
	rootObject = 1D7F86781B67FB1E001B6E1E /* Project object */;
}
