// !$*UTF8*$!
{
	archiveVersion = 1;
	classes = {
	};
	objectVersion = 46;
	objects = {

/* Begin PBXBuildFile section */
		1D7F86861B67FB1E001B6E1E /* AppDelegate.swift in Sources */ = {isa = PBXBuildFile; fileRef = 1D7F86851B67FB1E001B6E1E /* AppDelegate.swift */; };
		1D7F86891B67FB1E001B6E1E /* iOS_Kawasak_app.xcdatamodeld in Sources */ = {isa = PBXBuildFile; fileRef = 1D7F86871B67FB1E001B6E1E /* iOS_Kawasak_app.xcdatamodeld */; };
		1D7F868B1B67FB1E001B6E1E /* ViewController.swift in Sources */ = {isa = PBXBuildFile; fileRef = 1D7F868A1B67FB1E001B6E1E /* ViewController.swift */; };
		1D7F868E1B67FB1E001B6E1E /* Main.storyboard in Resources */ = {isa = PBXBuildFile; fileRef = 1D7F868C1B67FB1E001B6E1E /* Main.storyboard */; };
		1D7F86901B67FB1E001B6E1E /* Images.xcassets in Resources */ = {isa = PBXBuildFile; fileRef = 1D7F868F1B67FB1E001B6E1E /* Images.xcassets */; };
		1D7F86931B67FB1E001B6E1E /* LaunchScreen.xib in Resources */ = {isa = PBXBuildFile; fileRef = 1D7F86911B67FB1E001B6E1E /* LaunchScreen.xib */; };
		1D7F869F1B67FB1E001B6E1E /* iOS_Kawasak_appTests.swift in Sources */ = {isa = PBXBuildFile; fileRef = 1D7F869E1B67FB1E001B6E1E /* iOS_Kawasak_appTests.swift */; };
/* End PBXBuildFile section */

/* Begin PBXContainerItemProxy section */
		1D7F86991B67FB1E001B6E1E /* PBXContainerItemProxy */ = {
			isa = PBXContainerItemProxy;
			containerPortal = 1D7F86781B67FB1E001B6E1E /* Project object */;
			proxyType = 1;
			remoteGlobalIDString = 1D7F867F1B67FB1E001B6E1E;
			remoteInfo = "iOS-Kawasak-app";
		};
/* End PBXContainerItemProxy section */

/* Begin PBXFileReference section */
		1D7F86801B67FB1E001B6E1E /* iOS-Kawasak-app.app */ = {isa = PBXFileReference; explicitFileType = wrapper.application; includeInIndex = 0; path = "iOS-Kawasak-app.app"; sourceTree = BUILT_PRODUCTS_DIR; };
		1D7F86841B67FB1E001B6E1E /* Info.plist */ = {isa = PBXFileReference; lastKnownFileType = text.plist.xml; path = Info.plist; sourceTree = "<group>"; };
		1D7F86851B67FB1E001B6E1E /* AppDelegate.swift */ = {isa = PBXFileReference; lastKnownFileType = sourcecode.swift; path = AppDelegate.swift; sourceTree = "<group>"; };
		1D7F86881B67FB1E001B6E1E /* iOS_Kawasak_app.xcdatamodel */ = {isa = PBXFileReference; lastKnownFileType = wrapper.xcdatamodel; path = iOS_Kawasak_app.xcdatamodel; sourceTree = "<group>"; };
		1D7F868A1B67FB1E001B6E1E /* ViewController.swift */ = {isa = PBXFileReference; lastKnownFileType = sourcecode.swift; path = ViewController.swift; sourceTree = "<group>"; };
		1D7F868D1B67FB1E001B6E1E /* Base */ = {isa = PBXFileReference; lastKnownFileType = file.storyboard; name = Base; path = Base.lproj/Main.storyboard; sourceTree = "<group>"; };
		1D7F868F1B67FB1E001B6E1E /* Images.xcassets */ = {isa = PBXFileReference; lastKnownFileType = folder.assetcatalog; path = Images.xcassets; sourceTree = "<group>"; };
		1D7F86921B67FB1E001B6E1E /* Base */ = {isa = PBXFileReference; lastKnownFileType = file.xib; name = Base; path = Base.lproj/LaunchScreen.xib; sourceTree = "<group>"; };
		1D7F86981B67FB1E001B6E1E /* iOS-Kawasak-appTests.xctest */ = {isa = PBXFileReference; explicitFileType = wrapper.cfbundle; includeInIndex = 0; path = "iOS-Kawasak-appTests.xctest"; sourceTree = BUILT_PRODUCTS_DIR; };
		1D7F869D1B67FB1E001B6E1E /* Info.plist */ = {isa = PBXFileReference; lastKnownFileType = text.plist.xml; path = Info.plist; sourceTree = "<group>"; };
		1D7F869E1B67FB1E001B6E1E /* iOS_Kawasak_appTests.swift */ = {isa = PBXFileReference; lastKnownFileType = sourcecode.swift; path = iOS_Kawasak_appTests.swift; sourceTree = "<group>"; };
/* End PBXFileReference section */

/* Begin PBXFrameworksBuildPhase section */
		1D7F867D1B67FB1E001B6E1E /* Frameworks */ = {
			isa = PBXFrameworksBuildPhase;
			buildActionMask = 2147483647;
			files = (
			);
			runOnlyForDeploymentPostprocessing = 0;
		};
		1D7F86951B67FB1E001B6E1E /* Frameworks */ = {
			isa = PBXFrameworksBuildPhase;
			buildActionMask = 2147483647;
			files = (
			);
			runOnlyForDeploymentPostprocessing = 0;
		};
/* End PBXFrameworksBuildPhase section */

/* Begin PBXGroup section */
		1D7F86771B67FB1E001B6E1E = {
			isa = PBXGroup;
			children = (
				1D7F86821B67FB1E001B6E1E /* iOS-Kawasak-app */,
				1D7F869B1B67FB1E001B6E1E /* iOS-Kawasak-appTests */,
				1D7F86811B67FB1E001B6E1E /* Products */,
			);
			sourceTree = "<group>";
		};
		1D7F86811B67FB1E001B6E1E /* Products */ = {
			isa = PBXGroup;
			children = (
				1D7F86801B67FB1E001B6E1E /* iOS-Kawasak-app.app */,
				1D7F86981B67FB1E001B6E1E /* iOS-Kawasak-appTests.xctest */,
			);
			name = Products;
			sourceTree = "<group>";
		};
		1D7F86821B67FB1E001B6E1E /* iOS-Kawasak-app */ = {
			isa = PBXGroup;
			children = (
				1D7F86851B67FB1E001B6E1E /* AppDelegate.swift */,
				1D7F868A1B67FB1E001B6E1E /* ViewController.swift */,
				1D7F868C1B67FB1E001B6E1E /* Main.storyboard */,
				1D7F868F1B67FB1E001B6E1E /* Images.xcassets */,
				1D7F86911B67FB1E001B6E1E /* LaunchScreen.xib */,
				1D7F86871B67FB1E001B6E1E /* iOS_Kawasak_app.xcdatamodeld */,
				1D7F86831B67FB1E001B6E1E /* Supporting Files */,
			);
			path = "iOS-Kawasak-app";
			sourceTree = "<group>";
		};
		1D7F86831B67FB1E001B6E1E /* Supporting Files */ = {
			isa = PBXGroup;
			children = (
				1D7F86841B67FB1E001B6E1E /* Info.plist */,
			);
			name = "Supporting Files";
			sourceTree = "<group>";
		};
		1D7F869B1B67FB1E001B6E1E /* iOS-Kawasak-appTests */ = {
			isa = PBXGroup;
			children = (
				1D7F869E1B67FB1E001B6E1E /* iOS_Kawasak_appTests.swift */,
				1D7F869C1B67FB1E001B6E1E /* Supporting Files */,
			);
			path = "iOS-Kawasak-appTests";
			sourceTree = "<group>";
		};
		1D7F869C1B67FB1E001B6E1E /* Supporting Files */ = {
			isa = PBXGroup;
			children = (
				1D7F869D1B67FB1E001B6E1E /* Info.plist */,
			);
			name = "Supporting Files";
			sourceTree = "<group>";
		};
/* End PBXGroup section */

/* Begin PBXNativeTarget section */
		1D7F867F1B67FB1E001B6E1E /* iOS-Kawasak-app */ = {
			isa = PBXNativeTarget;
			buildConfigurationList = 1D7F86A21B67FB1E001B6E1E /* Build configuration list for PBXNativeTarget "iOS-Kawasak-app" */;
			buildPhases = (
				1D7F867C1B67FB1E001B6E1E /* Sources */,
				1D7F867D1B67FB1E001B6E1E /* Frameworks */,
				1D7F867E1B67FB1E001B6E1E /* Resources */,
			);
			buildRules = (
			);
			dependencies = (
			);
			name = "iOS-Kawasak-app";
			productName = "iOS-Kawasak-app";
			productReference = 1D7F86801B67FB1E001B6E1E /* iOS-Kawasak-app.app */;
			productType = "com.apple.product-type.application";
		};
		1D7F86971B67FB1E001B6E1E /* iOS-Kawasak-appTests */ = {
			isa = PBXNativeTarget;
			buildConfigurationList = 1D7F86A51B67FB1E001B6E1E /* Build configuration list for PBXNativeTarget "iOS-Kawasak-appTests" */;
			buildPhases = (
				1D7F86941B67FB1E001B6E1E /* Sources */,
				1D7F86951B67FB1E001B6E1E /* Frameworks */,
				1D7F86961B67FB1E001B6E1E /* Resources */,
			);
			buildRules = (
			);
			dependencies = (
				1D7F869A1B67FB1E001B6E1E /* PBXTargetDependency */,
			);
			name = "iOS-Kawasak-appTests";
			productName = "iOS-Kawasak-appTests";
			productReference = 1D7F86981B67FB1E001B6E1E /* iOS-Kawasak-appTests.xctest */;
			productType = "com.apple.product-type.bundle.unit-test";
		};
/* End PBXNativeTarget section */

/* Begin PBXProject section */
		1D7F86781B67FB1E001B6E1E /* Project object */ = {
			isa = PBXProject;
			attributes = {
				LastUpgradeCheck = 0640;
				ORGANIZATIONNAME = jon.canfield;
				TargetAttributes = {
					1D7F867F1B67FB1E001B6E1E = {
						CreatedOnToolsVersion = 6.4;
					};
					1D7F86971B67FB1E001B6E1E = {
						CreatedOnToolsVersion = 6.4;
						TestTargetID = 1D7F867F1B67FB1E001B6E1E;
					};
				};
			};
			buildConfigurationList = 1D7F867B1B67FB1E001B6E1E /* Build configuration list for PBXProject "iOS-Kawasak-app" */;
			compatibilityVersion = "Xcode 3.2";
			developmentRegion = English;
			hasScannedForEncodings = 0;
			knownRegions = (
				en,
				Base,
			);
			mainGroup = 1D7F86771B67FB1E001B6E1E;
			productRefGroup = 1D7F86811B67FB1E001B6E1E /* Products */;
			projectDirPath = "";
			projectRoot = "";
			targets = (
				1D7F867F1B67FB1E001B6E1E /* iOS-Kawasak-app */,
				1D7F86971B67FB1E001B6E1E /* iOS-Kawasak-appTests */,
			);
		};
/* End PBXProject section */

/* Begin PBXResourcesBuildPhase section */
		1D7F867E1B67FB1E001B6E1E /* Resources */ = {
			isa = PBXResourcesBuildPhase;
			buildActionMask = 2147483647;
			files = (
				1D7F868E1B67FB1E001B6E1E /* Main.storyboard in Resources */,
				1D7F86931B67FB1E001B6E1E /* LaunchScreen.xib in Resources */,
				1D7F86901B67FB1E001B6E1E /* Images.xcassets in Resources */,
			);
			runOnlyForDeploymentPostprocessing = 0;
		};
		1D7F86961B67FB1E001B6E1E /* Resources */ = {
			isa = PBXResourcesBuildPhase;
			buildActionMask = 2147483647;
			files = (
			);
			runOnlyForDeploymentPostprocessing = 0;
		};
/* End PBXResourcesBuildPhase section */

/* Begin PBXSourcesBuildPhase section */
		1D7F867C1B67FB1E001B6E1E /* Sources */ = {
			isa = PBXSourcesBuildPhase;
			buildActionMask = 2147483647;
			files = (
				1D7F868B1B67FB1E001B6E1E /* ViewController.swift in Sources */,
				1D7F86861B67FB1E001B6E1E /* AppDelegate.swift in Sources */,
				1D7F86891B67FB1E001B6E1E /* iOS_Kawasak_app.xcdatamodeld in Sources */,
			);
			runOnlyForDeploymentPostprocessing = 0;
		};
		1D7F86941B67FB1E001B6E1E /* Sources */ = {
			isa = PBXSourcesBuildPhase;
			buildActionMask = 2147483647;
			files = (
				1D7F869F1B67FB1E001B6E1E /* iOS_Kawasak_appTests.swift in Sources */,
			);
			runOnlyForDeploymentPostprocessing = 0;
		};
/* End PBXSourcesBuildPhase section */

/* Begin PBXTargetDependency section */
		1D7F869A1B67FB1E001B6E1E /* PBXTargetDependency */ = {
			isa = PBXTargetDependency;
			target = 1D7F867F1B67FB1E001B6E1E /* iOS-Kawasak-app */;
			targetProxy = 1D7F86991B67FB1E001B6E1E /* PBXContainerItemProxy */;
		};
/* End PBXTargetDependency section */

/* Begin PBXVariantGroup section */
		1D7F868C1B67FB1E001B6E1E /* Main.storyboard */ = {
			isa = PBXVariantGroup;
			children = (
				1D7F868D1B67FB1E001B6E1E /* Base */,
			);
			name = Main.storyboard;
			sourceTree = "<group>";
		};
		1D7F86911B67FB1E001B6E1E /* LaunchScreen.xib */ = {
			isa = PBXVariantGroup;
			children = (
				1D7F86921B67FB1E001B6E1E /* Base */,
			);
			name = LaunchScreen.xib;
			sourceTree = "<group>";
		};
/* End PBXVariantGroup section */

/* Begin XCBuildConfiguration section */
		1D7F86A01B67FB1E001B6E1E /* Debug */ = {
			isa = XCBuildConfiguration;
			buildSettings = {
				ALWAYS_SEARCH_USER_PATHS = NO;
				CLANG_CXX_LANGUAGE_STANDARD = "gnu++0x";
				CLANG_CXX_LIBRARY = "libc++";
				CLANG_ENABLE_MODULES = YES;
				CLANG_ENABLE_OBJC_ARC = YES;
				CLANG_WARN_BOOL_CONVERSION = YES;
				CLANG_WARN_CONSTANT_CONVERSION = YES;
				CLANG_WARN_DIRECT_OBJC_ISA_USAGE = YES_ERROR;
				CLANG_WARN_EMPTY_BODY = YES;
				CLANG_WARN_ENUM_CONVERSION = YES;
				CLANG_WARN_INT_CONVERSION = YES;
				CLANG_WARN_OBJC_ROOT_CLASS = YES_ERROR;
				CLANG_WARN_UNREACHABLE_CODE = YES;
				CLANG_WARN__DUPLICATE_METHOD_MATCH = YES;
				"CODE_SIGN_IDENTITY[sdk=iphoneos*]" = "iPhone Developer";
				COPY_PHASE_STRIP = NO;
				DEBUG_INFORMATION_FORMAT = "dwarf-with-dsym";
				ENABLE_STRICT_OBJC_MSGSEND = YES;
				GCC_C_LANGUAGE_STANDARD = gnu99;
				GCC_DYNAMIC_NO_PIC = NO;
				GCC_NO_COMMON_BLOCKS = YES;
				GCC_OPTIMIZATION_LEVEL = 0;
				GCC_PREPROCESSOR_DEFINITIONS = (
					"DEBUG=1",
					"$(inherited)",
				);
				GCC_SYMBOLS_PRIVATE_EXTERN = NO;
				GCC_WARN_64_TO_32_BIT_CONVERSION = YES;
				GCC_WARN_ABOUT_RETURN_TYPE = YES_ERROR;
				GCC_WARN_UNDECLARED_SELECTOR = YES;
				GCC_WARN_UNINITIALIZED_AUTOS = YES_AGGRESSIVE;
				GCC_WARN_UNUSED_FUNCTION = YES;
				GCC_WARN_UNUSED_VARIABLE = YES;
				IPHONEOS_DEPLOYMENT_TARGET = 8.4;
				MTL_ENABLE_DEBUG_INFO = YES;
				ONLY_ACTIVE_ARCH = YES;
				SDKROOT = iphoneos;
				SWIFT_OPTIMIZATION_LEVEL = "-Onone";
			};
			name = Debug;
		};
		1D7F86A11B67FB1E001B6E1E /* Release */ = {
			isa = XCBuildConfiguration;
			buildSettings = {
				ALWAYS_SEARCH_USER_PATHS = NO;
				CLANG_CXX_LANGUAGE_STANDARD = "gnu++0x";
				CLANG_CXX_LIBRARY = "libc++";
				CLANG_ENABLE_MODULES = YES;
				CLANG_ENABLE_OBJC_ARC = YES;
				CLANG_WARN_BOOL_CONVERSION = YES;
				CLANG_WARN_CONSTANT_CONVERSION = YES;
				CLANG_WARN_DIRECT_OBJC_ISA_USAGE = YES_ERROR;
				CLANG_WARN_EMPTY_BODY = YES;
				CLANG_WARN_ENUM_CONVERSION = YES;
				CLANG_WARN_INT_CONVERSION = YES;
				CLANG_WARN_OBJC_ROOT_CLASS = YES_ERROR;
				CLANG_WARN_UNREACHABLE_CODE = YES;
				CLANG_WARN__DUPLICATE_METHOD_MATCH = YES;
				"CODE_SIGN_IDENTITY[sdk=iphoneos*]" = "iPhone Developer";
				COPY_PHASE_STRIP = NO;
				DEBUG_INFORMATION_FORMAT = "dwarf-with-dsym";
				ENABLE_NS_ASSERTIONS = NO;
				ENABLE_STRICT_OBJC_MSGSEND = YES;
				GCC_C_LANGUAGE_STANDARD = gnu99;
				GCC_NO_COMMON_BLOCKS = YES;
				GCC_WARN_64_TO_32_BIT_CONVERSION = YES;
				GCC_WARN_ABOUT_RETURN_TYPE = YES_ERROR;
				GCC_WARN_UNDECLARED_SELECTOR = YES;
				GCC_WARN_UNINITIALIZED_AUTOS = YES_AGGRESSIVE;
				GCC_WARN_UNUSED_FUNCTION = YES;
				GCC_WARN_UNUSED_VARIABLE = YES;
				IPHONEOS_DEPLOYMENT_TARGET = 8.4;
				MTL_ENABLE_DEBUG_INFO = NO;
				SDKROOT = iphoneos;
				VALIDATE_PRODUCT = YES;
			};
			name = Release;
		};
		1D7F86A31B67FB1E001B6E1E /* Debug */ = {
			isa = XCBuildConfiguration;
			buildSettings = {
				ASSETCATALOG_COMPILER_APPICON_NAME = AppIcon;
				INFOPLIST_FILE = "iOS-Kawasak-app/Info.plist";
				LD_RUNPATH_SEARCH_PATHS = "$(inherited) @executable_path/Frameworks";
				PRODUCT_NAME = "$(TARGET_NAME)";
			};
			name = Debug;
		};
		1D7F86A41B67FB1E001B6E1E /* Release */ = {
			isa = XCBuildConfiguration;
			buildSettings = {
				ASSETCATALOG_COMPILER_APPICON_NAME = AppIcon;
				INFOPLIST_FILE = "iOS-Kawasak-app/Info.plist";
				LD_RUNPATH_SEARCH_PATHS = "$(inherited) @executable_path/Frameworks";
				PRODUCT_NAME = "$(TARGET_NAME)";
			};
			name = Release;
		};
		1D7F86A61B67FB1E001B6E1E /* Debug */ = {
			isa = XCBuildConfiguration;
			buildSettings = {
				BUNDLE_LOADER = "$(TEST_HOST)";
				FRAMEWORK_SEARCH_PATHS = (
					"$(SDKROOT)/Developer/Library/Frameworks",
					"$(inherited)",
				);
				GCC_PREPROCESSOR_DEFINITIONS = (
					"DEBUG=1",
					"$(inherited)",
				);
				INFOPLIST_FILE = "iOS-Kawasak-appTests/Info.plist";
				LD_RUNPATH_SEARCH_PATHS = "$(inherited) @executable_path/Frameworks @loader_path/Frameworks";
				PRODUCT_NAME = "$(TARGET_NAME)";
				TEST_HOST = "$(BUILT_PRODUCTS_DIR)/iOS-Kawasak-app.app/iOS-Kawasak-app";
			};
			name = Debug;
		};
		1D7F86A71B67FB1E001B6E1E /* Release */ = {
			isa = XCBuildConfiguration;
			buildSettings = {
				BUNDLE_LOADER = "$(TEST_HOST)";
				FRAMEWORK_SEARCH_PATHS = (
					"$(SDKROOT)/Developer/Library/Frameworks",
					"$(inherited)",
				);
				INFOPLIST_FILE = "iOS-Kawasak-appTests/Info.plist";
				LD_RUNPATH_SEARCH_PATHS = "$(inherited) @executable_path/Frameworks @loader_path/Frameworks";
				PRODUCT_NAME = "$(TARGET_NAME)";
				TEST_HOST = "$(BUILT_PRODUCTS_DIR)/iOS-Kawasak-app.app/iOS-Kawasak-app";
			};
			name = Release;
		};
/* End XCBuildConfiguration section */

/* Begin XCConfigurationList section */
		1D7F867B1B67FB1E001B6E1E /* Build configuration list for PBXProject "iOS-Kawasak-app" */ = {
			isa = XCConfigurationList;
			buildConfigurations = (
				1D7F86A01B67FB1E001B6E1E /* Debug */,
				1D7F86A11B67FB1E001B6E1E /* Release */,
			);
			defaultConfigurationIsVisible = 0;
			defaultConfigurationName = Release;
		};
		1D7F86A21B67FB1E001B6E1E /* Build configuration list for PBXNativeTarget "iOS-Kawasak-app" */ = {
			isa = XCConfigurationList;
			buildConfigurations = (
				1D7F86A31B67FB1E001B6E1E /* Debug */,
				1D7F86A41B67FB1E001B6E1E /* Release */,
			);
			defaultConfigurationIsVisible = 0;
		};
		1D7F86A51B67FB1E001B6E1E /* Build configuration list for PBXNativeTarget "iOS-Kawasak-appTests" */ = {
			isa = XCConfigurationList;
			buildConfigurations = (
				1D7F86A61B67FB1E001B6E1E /* Debug */,
				1D7F86A71B67FB1E001B6E1E /* Release */,
			);
			defaultConfigurationIsVisible = 0;
		};
/* End XCConfigurationList section */

/* Begin XCVersionGroup section */
		1D7F86871B67FB1E001B6E1E /* iOS_Kawasak_app.xcdatamodeld */ = {
			isa = XCVersionGroup;
			children = (
				1D7F86881B67FB1E001B6E1E /* iOS_Kawasak_app.xcdatamodel */,
			);
			currentVersion = 1D7F86881B67FB1E001B6E1E /* iOS_Kawasak_app.xcdatamodel */;
			path = iOS_Kawasak_app.xcdatamodeld;
			sourceTree = "<group>";
			versionGroupType = wrapper.xcdatamodel;
		};
/* End XCVersionGroup section */
	};
	rootObject = 1D7F86781B67FB1E001B6E1E /* Project object */;
}
